
Microsoft Visual Studio Solution File, Format Version 12.00
# Visual Studio 15
VisualStudioVersion = 15.0.28307.960
MinimumVisualStudioVersion = 10.0.40219.1
Project("{8BC9CEB8-8B4A-11D0-8D11-00A0C91BC942}") = "test_video_compensator", "test\test_video_compensator\vcproj\test_video_compensator.vcxproj", "{C5F0E919-E67E-41FD-8FAE-7464EF283EEF}"
EndProject
Project("{2150E333-8FDC-42A3-9474-1A3956D46DE8}") = "test", "test", "{F193575E-B55C-41E4-8884-737075000437}"
EndProject
Project("{8BC9CEB8-8B4A-11D0-8D11-00A0C91BC942}") = "VideoCompensator", "libvideo_compensator\vcproj\VideoCompensator.vcxproj", "{A3F24EA0-D655-4C3C-BE18-BDCA0C3D425F}"
EndProject
Global
	GlobalSection(SolutionConfigurationPlatforms) = preSolution
		Debug|x64 = Debug|x64
		Debug|x86 = Debug|x86
		Release|x64 = Release|x64
		Release|x86 = Release|x86
	EndGlobalSection
	GlobalSection(ProjectConfigurationPlatforms) = postSolution
		{C5F0E919-E67E-41FD-8FAE-7464EF283EEF}.Debug|x64.ActiveCfg = Debug|x64
		{C5F0E919-E67E-41FD-8FAE-7464EF283EEF}.Debug|x64.Build.0 = Debug|x64
		{C5F0E919-E67E-41FD-8FAE-7464EF283EEF}.Debug|x86.ActiveCfg = Debug|Win32
		{C5F0E919-E67E-41FD-8FAE-7464EF283EEF}.Debug|x86.Build.0 = Debug|Win32
		{C5F0E919-E67E-41FD-8FAE-7464EF283EEF}.Release|x64.ActiveCfg = Release|x64
		{C5F0E919-E67E-41FD-8FAE-7464EF283EEF}.Release|x64.Build.0 = Release|x64
		{C5F0E919-E67E-41FD-8FAE-7464EF283EEF}.Release|x86.ActiveCfg = Release|Win32
		{C5F0E919-E67E-41FD-8FAE-7464EF283EEF}.Release|x86.Build.0 = Release|Win32
		{A3F24EA0-D655-4C3C-BE18-BDCA0C3D425F}.Debug|x64.ActiveCfg = Debug|x64
		{A3F24EA0-D655-4C3C-BE18-BDCA0C3D425F}.Debug|x64.Build.0 = Debug|x64
		{A3F24EA0-D655-4C3C-BE18-BDCA0C3D425F}.Debug|x86.ActiveCfg = Debug|Win32
		{A3F24EA0-D655-4C3C-BE18-BDCA0C3D425F}.Debug|x86.Build.0 = Debug|Win32
		{A3F24EA0-D655-4C3C-BE18-BDCA0C3D425F}.Release|x64.ActiveCfg = Release|x64
		{A3F24EA0-D655-4C3C-BE18-BDCA0C3D425F}.Release|x64.Build.0 = Release|x64
		{A3F24EA0-D655-4C3C-BE18-BDCA0C3D425F}.Release|x86.ActiveCfg = Release|Win32
		{A3F24EA0-D655-4C3C-BE18-BDCA0C3D425F}.Release|x86.Build.0 = Release|Win32
	EndGlobalSection
	GlobalSection(SolutionProperties) = preSolution
		HideSolutionNode = FALSE
	EndGlobalSection
	GlobalSection(NestedProjects) = preSolution
		{C5F0E919-E67E-41FD-8FAE-7464EF283EEF} = {F193575E-B55C-41E4-8884-737075000437}
	EndGlobalSection
	GlobalSection(ExtensibilityGlobals) = postSolution
		SolutionGuid = {1DB601F0-8479-4D4E-9417-85960FF780FE}
	EndGlobalSection
EndGlobal
